// !$*UTF8*$!
{
	archiveVersion = 1;
	classes = {
	};
	objectVersion = 46;
	objects = {

/* Begin PBXFileReference section */
		6962F0BA1639314E00758C52 /* lifeWords.png */ = {isa = PBXFileReference; lastKnownFileType = image.png; path = lifeWords.png; sourceTree = "<group>"; };
		6962F0BC1639314E00758C52 /* container_login.png */ = {isa = PBXFileReference; lastKnownFileType = image.png; path = container_login.png; sourceTree = "<group>"; };
		6962F0BD1639314E00758C52 /* container_login.psd */ = {isa = PBXFileReference; lastKnownFileType = file; path = container_login.psd; sourceTree = "<group>"; };
		6962F0BF1639314E00758C52 /* 1.jpg */ = {isa = PBXFileReference; lastKnownFileType = image.jpeg; path = 1.jpg; sourceTree = "<group>"; };
		6962F0C01639314E00758C52 /* 2.jpg */ = {isa = PBXFileReference; lastKnownFileType = image.jpeg; path = 2.jpg; sourceTree = "<group>"; };
		6962F0C21639314E00758C52 /* container.png */ = {isa = PBXFileReference; lastKnownFileType = image.png; path = container.png; sourceTree = "<group>"; };
		6962F0C31639314E00758C52 /* container.psd */ = {isa = PBXFileReference; lastKnownFileType = file; path = container.psd; sourceTree = "<group>"; };
		6962F0C41639314E00758C52 /* separator.png */ = {isa = PBXFileReference; lastKnownFileType = image.png; path = separator.png; sourceTree = "<group>"; };
		6962F0C51639314E00758C52 /* separator.psd */ = {isa = PBXFileReference; lastKnownFileType = file; path = separator.psd; sourceTree = "<group>"; };
		6962F0C7163D262700758C52 /* UIGlossyButton.h */ = {isa = PBXFileReference; lastKnownFileType = sourcecode.c.h; path = UIGlossyButton.h; sourceTree = "<group>"; };
		6962F0C8163D262700758C52 /* UIGlossyButton.m */ = {isa = PBXFileReference; lastKnownFileType = sourcecode.c.objc; path = UIGlossyButton.m; sourceTree = "<group>"; };
		6962F0C9163E7AD500758C52 /* UIView+LayerEffects.h */ = {isa = PBXFileReference; lastKnownFileType = sourcecode.c.h; path = "UIView+LayerEffects.h"; sourceTree = "<group>"; };
		6962F0CA163E7AD500758C52 /* UIView+LayerEffects.m */ = {isa = PBXFileReference; lastKnownFileType = sourcecode.c.objc; path = "UIView+LayerEffects.m"; sourceTree = "<group>"; };
		6962F0CC1643C25600758C52 /* CurledViewBase.h */ = {isa = PBXFileReference; lastKnownFileType = sourcecode.c.h; path = CurledViewBase.h; sourceTree = "<group>"; };
		6962F0CD1643C25600758C52 /* CurledViewBase.m */ = {isa = PBXFileReference; lastKnownFileType = sourcecode.c.objc; path = CurledViewBase.m; sourceTree = "<group>"; };
		6962F0CE1643C25600758C52 /* UIButton+Curled.h */ = {isa = PBXFileReference; lastKnownFileType = sourcecode.c.h; path = "UIButton+Curled.h"; sourceTree = "<group>"; };
		6962F0CF1643C25600758C52 /* UIButton+Curled.m */ = {isa = PBXFileReference; lastKnownFileType = sourcecode.c.objc; path = "UIButton+Curled.m"; sourceTree = "<group>"; };
		6962F0D01643C25600758C52 /* UIImageView+Curled.h */ = {isa = PBXFileReference; lastKnownFileType = sourcecode.c.h; path = "UIImageView+Curled.h"; sourceTree = "<group>"; };
		6962F0D11643C25600758C52 /* UIImageView+Curled.m */ = {isa = PBXFileReference; lastKnownFileType = sourcecode.c.objc; path = "UIImageView+Curled.m"; sourceTree = "<group>"; };
		6962F0D31643C2D400758C52 /* JSBadgeView.h */ = {isa = PBXFileReference; lastKnownFileType = sourcecode.c.h; path = JSBadgeView.h; sourceTree = "<group>"; };
		6962F0D41643C2D400758C52 /* JSBadgeView.m */ = {isa = PBXFileReference; lastKnownFileType = sourcecode.c.objc; path = JSBadgeView.m; sourceTree = "<group>"; };
		6962F0D6164666B800758C52 /* Aged.jpg */ = {isa = PBXFileReference; lastKnownFileType = image.jpeg; path = Aged.jpg; sourceTree = "<group>"; };
		6962F0D7164666B800758C52 /* Aged@2x.jpg */ = {isa = PBXFileReference; lastKnownFileType = image.jpeg; path = "Aged@2x.jpg"; sourceTree = "<group>"; };
		6962F0D8164666B800758C52 /* Alaska.jpg */ = {isa = PBXFileReference; lastKnownFileType = image.jpeg; path = Alaska.jpg; sourceTree = "<group>"; };
		6962F0D9164666B800758C52 /* Alaska@2x.jpg */ = {isa = PBXFileReference; lastKnownFileType = image.jpeg; path = "Alaska@2x.jpg"; sourceTree = "<group>"; };
		6962F0DA164666B800758C52 /* Altamonte.jpg */ = {isa = PBXFileReference; lastKnownFileType = image.jpeg; path = Altamonte.jpg; sourceTree = "<group>"; };
		6962F0DB164666B800758C52 /* Altamonte@2x.jpg */ = {isa = PBXFileReference; lastKnownFileType = image.jpeg; path = "Altamonte@2x.jpg"; sourceTree = "<group>"; };
		6962F0DC164666B800758C52 /* AtlanticBeach.jpg */ = {isa = PBXFileReference; lastKnownFileType = image.jpeg; path = AtlanticBeach.jpg; sourceTree = "<group>"; };
		6962F0DD164666B800758C52 /* AtlanticBeach@2x.jpg */ = {isa = PBXFileReference; lastKnownFileType = image.jpeg; path = "AtlanticBeach@2x.jpg"; sourceTree = "<group>"; };
		6962F0DE164666B800758C52 /* Auto-Enhance.jpg */ = {isa = PBXFileReference; lastKnownFileType = image.jpeg; path = "Auto-Enhance.jpg"; sourceTree = "<group>"; };
		6962F0DF164666B800758C52 /* Auto-Enhance@2x.jpg */ = {isa = PBXFileReference; lastKnownFileType = image.jpeg; path = "Auto-Enhance@2x.jpg"; sourceTree = "<group>"; };
		6962F0E0164666B800758C52 /* Avatar.jpg */ = {isa = PBXFileReference; lastKnownFileType = image.jpeg; path = Avatar.jpg; sourceTree = "<group>"; };
		6962F0E1164666B800758C52 /* Avatar@2x.jpg */ = {isa = PBXFileReference; lastKnownFileType = image.jpeg; path = "Avatar@2x.jpg"; sourceTree = "<group>"; };
		6962F0E2164666B800758C52 /* Bilboa.jpg */ = {isa = PBXFileReference; lastKnownFileType = image.jpeg; path = Bilboa.jpg; sourceTree = "<group>"; };
		6962F0E3164666B800758C52 /* Bilboa@2x.jpg */ = {isa = PBXFileReference; lastKnownFileType = image.jpeg; path = "Bilboa@2x.jpg"; sourceTree = "<group>"; };
		6962F0E4164666B800758C52 /* BWGrained.jpg */ = {isa = PBXFileReference; lastKnownFileType = image.jpeg; path = BWGrained.jpg; sourceTree = "<group>"; };
		6962F0E5164666B800758C52 /* BWGrained@2x.jpg */ = {isa = PBXFileReference; lastKnownFileType = image.jpeg; path = "BWGrained@2x.jpg"; sourceTree = "<group>"; };
		6962F0E6164666B800758C52 /* BWLumino.jpg */ = {isa = PBXFileReference; lastKnownFileType = image.jpeg; path = BWLumino.jpg; sourceTree = "<group>"; };
		6962F0E7164666B800758C52 /* BWLumino@2x.jpg */ = {isa = PBXFileReference; lastKnownFileType = image.jpeg; path = "BWLumino@2x.jpg"; sourceTree = "<group>"; };
		6962F0E8164666B800758C52 /* ComicDark.jpg */ = {isa = PBXFileReference; lastKnownFileType = image.jpeg; path = ComicDark.jpg; sourceTree = "<group>"; };
		6962F0E9164666B800758C52 /* ComicDark@2x.jpg */ = {isa = PBXFileReference; lastKnownFileType = image.jpeg; path = "ComicDark@2x.jpg"; sourceTree = "<group>"; };
		6962F0EA164666B800758C52 /* ComicSharp.jpg */ = {isa = PBXFileReference; lastKnownFileType = image.jpeg; path = ComicSharp.jpg; sourceTree = "<group>"; };
		6962F0EB164666B800758C52 /* ComicSharp@2x.jpg */ = {isa = PBXFileReference; lastKnownFileType = image.jpeg; path = "ComicSharp@2x.jpg"; sourceTree = "<group>"; };
		6962F0EC164666B800758C52 /* DarkGrunge.jpg */ = {isa = PBXFileReference; lastKnownFileType = image.jpeg; path = DarkGrunge.jpg; sourceTree = "<group>"; };
		6962F0ED164666B800758C52 /* DarkGrunge@2x.jpg */ = {isa = PBXFileReference; lastKnownFileType = image.jpeg; path = "DarkGrunge@2x.jpg"; sourceTree = "<group>"; };
		6962F0EE164666B800758C52 /* Dawn.jpg */ = {isa = PBXFileReference; lastKnownFileType = image.jpeg; path = Dawn.jpg; sourceTree = "<group>"; };
		6962F0EF164666B800758C52 /* Dawn@2x.jpg */ = {isa = PBXFileReference; lastKnownFileType = image.jpeg; path = "Dawn@2x.jpg"; sourceTree = "<group>"; };
		6962F0F0164666B800758C52 /* Daytona.jpg */ = {isa = PBXFileReference; lastKnownFileType = image.jpeg; path = Daytona.jpg; sourceTree = "<group>"; };
		6962F0F1164666B800758C52 /* Daytona@2x.jpg */ = {isa = PBXFileReference; lastKnownFileType = image.jpeg; path = "Daytona@2x.jpg"; sourceTree = "<group>"; };
		6962F0F2164666B800758C52 /* Derby.jpg */ = {isa = PBXFileReference; lastKnownFileType = image.jpeg; path = Derby.jpg; sourceTree = "<group>"; };
		6962F0F3164666B800758C52 /* Derby@2x.jpg */ = {isa = PBXFileReference; lastKnownFileType = image.jpeg; path = "Derby@2x.jpg"; sourceTree = "<group>"; };
		6962F0F4164666B800758C52 /* Dusk.jpg */ = {isa = PBXFileReference; lastKnownFileType = image.jpeg; path = Dusk.jpg; sourceTree = "<group>"; };
		6962F0F5164666B800758C52 /* Dusk@2x.jpg */ = {isa = PBXFileReference; lastKnownFileType = image.jpeg; path = "Dusk@2x.jpg"; sourceTree = "<group>"; };
		6962F0F6164666B800758C52 /* GrungeRaysBlue.jpg */ = {isa = PBXFileReference; lastKnownFileType = image.jpeg; path = GrungeRaysBlue.jpg; sourceTree = "<group>"; };
		6962F0F7164666B800758C52 /* GrungeRaysBlue@2x.jpg */ = {isa = PBXFileReference; lastKnownFileType = image.jpeg; path = "GrungeRaysBlue@2x.jpg"; sourceTree = "<group>"; };
		6962F0F8164666B800758C52 /* GrungeRaysGreen.jpg */ = {isa = PBXFileReference; lastKnownFileType = image.jpeg; path = GrungeRaysGreen.jpg; sourceTree = "<group>"; };
		6962F0F9164666B800758C52 /* GrungeRaysGreen@2x.jpg */ = {isa = PBXFileReference; lastKnownFileType = image.jpeg; path = "GrungeRaysGreen@2x.jpg"; sourceTree = "<group>"; };
		6962F0FA164666B800758C52 /* GrungeRaysRed.jpg */ = {isa = PBXFileReference; lastKnownFileType = image.jpeg; path = GrungeRaysRed.jpg; sourceTree = "<group>"; };
		6962F0FB164666B800758C52 /* GrungeRaysRed@2x.jpg */ = {isa = PBXFileReference; lastKnownFileType = image.jpeg; path = "GrungeRaysRed@2x.jpg"; sourceTree = "<group>"; };
		6962F0FC164666B800758C52 /* GrungeRaysSapia.jpg */ = {isa = PBXFileReference; lastKnownFileType = image.jpeg; path = GrungeRaysSapia.jpg; sourceTree = "<group>"; };
		6962F0FD164666B800758C52 /* GrungeRaysSapia@2x.jpg */ = {isa = PBXFileReference; lastKnownFileType = image.jpeg; path = "GrungeRaysSapia@2x.jpg"; sourceTree = "<group>"; };
		6962F0FE164666B800758C52 /* HalftoneComic.jpg */ = {isa = PBXFileReference; lastKnownFileType = image.jpeg; path = HalftoneComic.jpg; sourceTree = "<group>"; };
		6962F0FF164666B800758C52 /* HalftoneComic@2x.jpg */ = {isa = PBXFileReference; lastKnownFileType = image.jpeg; path = "HalftoneComic@2x.jpg"; sourceTree = "<group>"; };
		6962F100164666B800758C52 /* HalftoneDark.jpg */ = {isa = PBXFileReference; lastKnownFileType = image.jpeg; path = HalftoneDark.jpg; sourceTree = "<group>"; };
		6962F101164666B800758C52 /* HalftoneDark@2x.jpg */ = {isa = PBXFileReference; lastKnownFileType = image.jpeg; path = "HalftoneDark@2x.jpg"; sourceTree = "<group>"; };
		6962F102164666B800758C52 /* HalftoneSharp.jpg */ = {isa = PBXFileReference; lastKnownFileType = image.jpeg; path = HalftoneSharp.jpg; sourceTree = "<group>"; };
		6962F103164666B800758C52 /* HalftoneSharp@2x.jpg */ = {isa = PBXFileReference; lastKnownFileType = image.jpeg; path = "HalftoneSharp@2x.jpg"; sourceTree = "<group>"; };
		6962F104164666B800758C52 /* Lantana.jpg */ = {isa = PBXFileReference; lastKnownFileType = image.jpeg; path = Lantana.jpg; sourceTree = "<group>"; };
		6962F105164666B800758C52 /* Lantana@2x.jpg */ = {isa = PBXFileReference; lastKnownFileType = image.jpeg; path = "Lantana@2x.jpg"; sourceTree = "<group>"; };
		6962F106164666B800758C52 /* Lindale.jpg */ = {isa = PBXFileReference; lastKnownFileType = image.jpeg; path = Lindale.jpg; sourceTree = "<group>"; };
		6962F107164666B800758C52 /* Lindale@2x.jpg */ = {isa = PBXFileReference; lastKnownFileType = image.jpeg; path = "Lindale@2x.jpg"; sourceTree = "<group>"; };
		6962F108164666B800758C52 /* Marine.jpg */ = {isa = PBXFileReference; lastKnownFileType = image.jpeg; path = Marine.jpg; sourceTree = "<group>"; };
		6962F109164666B800758C52 /* Marine@2x.jpg */ = {isa = PBXFileReference; lastKnownFileType = image.jpeg; path = "Marine@2x.jpg"; sourceTree = "<group>"; };
		6962F10A164666B800758C52 /* Mars.jpg */ = {isa = PBXFileReference; lastKnownFileType = image.jpeg; path = Mars.jpg; sourceTree = "<group>"; };
		6962F10B164666B800758C52 /* Mars@2x.jpg */ = {isa = PBXFileReference; lastKnownFileType = image.jpeg; path = "Mars@2x.jpg"; sourceTree = "<group>"; };
		6962F10C164666B800758C52 /* Napa.jpg */ = {isa = PBXFileReference; lastKnownFileType = image.jpeg; path = Napa.jpg; sourceTree = "<group>"; };
		6962F10D164666B800758C52 /* Napa@2x.jpg */ = {isa = PBXFileReference; lastKnownFileType = image.jpeg; path = "Napa@2x.jpg"; sourceTree = "<group>"; };
		6962F10E164666B800758C52 /* OldDirty.jpg */ = {isa = PBXFileReference; lastKnownFileType = image.jpeg; path = OldDirty.jpg; sourceTree = "<group>"; };
		6962F10F164666B800758C52 /* OldDirty@2x.jpg */ = {isa = PBXFileReference; lastKnownFileType = image.jpeg; path = "OldDirty@2x.jpg"; sourceTree = "<group>"; };
		6962F110164666B800758C52 /* PaperToss.jpg */ = {isa = PBXFileReference; lastKnownFileType = image.jpeg; path = PaperToss.jpg; sourceTree = "<group>"; };
		6962F111164666B800758C52 /* PaperToss@2x.jpg */ = {isa = PBXFileReference; lastKnownFileType = image.jpeg; path = "PaperToss@2x.jpg"; sourceTree = "<group>"; };
		6962F112164666B800758C52 /* RedNoir.jpg */ = {isa = PBXFileReference; lastKnownFileType = image.jpeg; path = RedNoir.jpg; sourceTree = "<group>"; };
		6962F113164666B800758C52 /* RedNoir@2x.jpg */ = {isa = PBXFileReference; lastKnownFileType = image.jpeg; path = "RedNoir@2x.jpg"; sourceTree = "<group>"; };
		6962F114164666B800758C52 /* SapphireNoir.jpg */ = {isa = PBXFileReference; lastKnownFileType = image.jpeg; path = SapphireNoir.jpg; sourceTree = "<group>"; };
		6962F115164666B800758C52 /* SapphireNoir@2x.jpg */ = {isa = PBXFileReference; lastKnownFileType = image.jpeg; path = "SapphireNoir@2x.jpg"; sourceTree = "<group>"; };
		6962F116164666B800758C52 /* Scorro.jpg */ = {isa = PBXFileReference; lastKnownFileType = image.jpeg; path = Scorro.jpg; sourceTree = "<group>"; };
		6962F117164666B800758C52 /* Senibel.jpg */ = {isa = PBXFileReference; lastKnownFileType = image.jpeg; path = Senibel.jpg; sourceTree = "<group>"; };
		6962F118164666B800758C52 /* Senibel@2x.jpg */ = {isa = PBXFileReference; lastKnownFileType = image.jpeg; path = "Senibel@2x.jpg"; sourceTree = "<group>"; };
		6962F119164666B800758C52 /* SepiaNoir.jpg */ = {isa = PBXFileReference; lastKnownFileType = image.jpeg; path = SepiaNoir.jpg; sourceTree = "<group>"; };
		6962F11A164666B800758C52 /* SepiaNoir@2x.jpg */ = {isa = PBXFileReference; lastKnownFileType = image.jpeg; path = "SepiaNoir@2x.jpg"; sourceTree = "<group>"; };
		6962F11B164666B800758C52 /* Socorro@2x.jpg */ = {isa = PBXFileReference; lastKnownFileType = image.jpeg; path = "Socorro@2x.jpg"; sourceTree = "<group>"; };
		6962F11C164666B800758C52 /* Sonoma.jpg */ = {isa = PBXFileReference; lastKnownFileType = image.jpeg; path = Sonoma.jpg; sourceTree = "<group>"; };
		6962F11D164666B800758C52 /* Sonoma@2x.jpg */ = {isa = PBXFileReference; lastKnownFileType = image.jpeg; path = "Sonoma@2x.jpg"; sourceTree = "<group>"; };
		6962F11E164666B800758C52 /* Vivid.jpg */ = {isa = PBXFileReference; lastKnownFileType = image.jpeg; path = Vivid.jpg; sourceTree = "<group>"; };
		6962F11F164666B800758C52 /* Vivid@2x.jpg */ = {isa = PBXFileReference; lastKnownFileType = image.jpeg; path = "Vivid@2x.jpg"; sourceTree = "<group>"; };
		6962F120164666B800758C52 /* Winter.jpg */ = {isa = PBXFileReference; lastKnownFileType = image.jpeg; path = Winter.jpg; sourceTree = "<group>"; };
		6962F121164666B800758C52 /* Winter@2x.jpg */ = {isa = PBXFileReference; lastKnownFileType = image.jpeg; path = "Winter@2x.jpg"; sourceTree = "<group>"; };
		6962F122164666B800758C52 /* YellowNoir.jpg */ = {isa = PBXFileReference; lastKnownFileType = image.jpeg; path = YellowNoir.jpg; sourceTree = "<group>"; };
		6962F123164666B800758C52 /* YellowNoir@2x.jpg */ = {isa = PBXFileReference; lastKnownFileType = image.jpeg; path = "YellowNoir@2x.jpg"; sourceTree = "<group>"; };
		6962F125164666C500758C52 /* cards.png */ = {isa = PBXFileReference; lastKnownFileType = image.png; path = cards.png; sourceTree = "<group>"; };
		6962F126164666C500758C52 /* cards@2x.png */ = {isa = PBXFileReference; lastKnownFileType = image.png; path = "cards@2x.png"; sourceTree = "<group>"; };
		6962F127164666C500758C52 /* friends.png */ = {isa = PBXFileReference; lastKnownFileType = image.png; path = friends.png; sourceTree = "<group>"; };
		6962F128164666C500758C52 /* friends@2x.png */ = {isa = PBXFileReference; lastKnownFileType = image.png; path = "friends@2x.png"; sourceTree = "<group>"; };
		6962F12D164BAF0E00758C52 /* SPUserResizableView.h */ = {isa = PBXFileReference; lastKnownFileType = sourcecode.c.h; path = SPUserResizableView.h; sourceTree = "<group>"; };
		6962F12E164BAF0E00758C52 /* SPUserResizableView.m */ = {isa = PBXFileReference; lastKnownFileType = sourcecode.c.objc; path = SPUserResizableView.m; sourceTree = "<group>"; };
		6962F130164BAFF900758C52 /* 37x-Checkmark.png */ = {isa = PBXFileReference; lastKnownFileType = image.png; path = "37x-Checkmark.png"; sourceTree = "<group>"; };
		6962F131164BAFF900758C52 /* 37x-Checkmark@2x.png */ = {isa = PBXFileReference; lastKnownFileType = image.png; path = "37x-Checkmark@2x.png"; sourceTree = "<group>"; };
		6962F132164BAFF900758C52 /* line.png */ = {isa = PBXFileReference; lastKnownFileType = image.png; path = line.png; sourceTree = "<group>"; };
		6962F133164BAFF900758C52 /* no_avatar.jpeg */ = {isa = PBXFileReference; lastKnownFileType = image.jpeg; path = no_avatar.jpeg; sourceTree = "<group>"; };
		6962F134165B82CB00758C52 /* Icon-72.png */ = {isa = PBXFileReference; lastKnownFileType = image.png; path = "Icon-72.png"; sourceTree = "<group>"; };
		6962F135165B82CB00758C52 /* Icon-72@2x.png */ = {isa = PBXFileReference; lastKnownFileType = image.png; path = "Icon-72@2x.png"; sourceTree = "<group>"; };
		69C117A91668A87800AB322C /* icon-effect-highlight.png */ = {isa = PBXFileReference; lastKnownFileType = image.png; path = "icon-effect-highlight.png"; sourceTree = "<group>"; };
		69C117AA1668A87800AB322C /* icon-effect-highlight@2x.png */ = {isa = PBXFileReference; lastKnownFileType = image.png; path = "icon-effect-highlight@2x.png"; sourceTree = "<group>"; };
		69C117AB1668A87800AB322C /* icon-effect.png */ = {isa = PBXFileReference; lastKnownFileType = image.png; path = "icon-effect.png"; sourceTree = "<group>"; };
		69C117AC1668A87800AB322C /* icon-effect@2x.png */ = {isa = PBXFileReference; lastKnownFileType = image.png; path = "icon-effect@2x.png"; sourceTree = "<group>"; };
		69C117AD1668A87800AB322C /* icon-friends-highlight.png */ = {isa = PBXFileReference; lastKnownFileType = image.png; path = "icon-friends-highlight.png"; sourceTree = "<group>"; };
		69C117AE1668A87800AB322C /* icon-friends-highlight@2x.png */ = {isa = PBXFileReference; lastKnownFileType = image.png; path = "icon-friends-highlight@2x.png"; sourceTree = "<group>"; };
		69C117AF1668A87800AB322C /* icon-friends.png */ = {isa = PBXFileReference; lastKnownFileType = image.png; path = "icon-friends.png"; sourceTree = "<group>"; };
		69C117B01668A87800AB322C /* icon-friends@2x.png */ = {isa = PBXFileReference; lastKnownFileType = image.png; path = "icon-friends@2x.png"; sourceTree = "<group>"; };
		69C117B11668A87800AB322C /* icon-music-highlight.png */ = {isa = PBXFileReference; lastKnownFileType = image.png; path = "icon-music-highlight.png"; sourceTree = "<group>"; };
		69C117B21668A87800AB322C /* icon-music-highlight@2x.png */ = {isa = PBXFileReference; lastKnownFileType = image.png; path = "icon-music-highlight@2x.png"; sourceTree = "<group>"; };
		69C117B31668A87800AB322C /* icon-music.png */ = {isa = PBXFileReference; lastKnownFileType = image.png; path = "icon-music.png"; sourceTree = "<group>"; };
		69C117B41668A87800AB322C /* icon-music@2x.png */ = {isa = PBXFileReference; lastKnownFileType = image.png; path = "icon-music@2x.png"; sourceTree = "<group>"; };
		69C117B51668A87800AB322C /* icon-play.png */ = {isa = PBXFileReference; lastKnownFileType = image.png; path = "icon-play.png"; sourceTree = "<group>"; };
		69C117B61668A87800AB322C /* icon-play@2x.png */ = {isa = PBXFileReference; lastKnownFileType = image.png; path = "icon-play@2x.png"; sourceTree = "<group>"; };
		69C117B71668A87800AB322C /* icon-refresh.png */ = {isa = PBXFileReference; lastKnownFileType = image.png; path = "icon-refresh.png"; sourceTree = "<group>"; };
		69C117B81668A87800AB322C /* icon-refresh@2x.png */ = {isa = PBXFileReference; lastKnownFileType = image.png; path = "icon-refresh@2x.png"; sourceTree = "<group>"; };
		69C117B91668A87800AB322C /* icon-voice-highlight.png */ = {isa = PBXFileReference; lastKnownFileType = image.png; path = "icon-voice-highlight.png"; sourceTree = "<group>"; };
		69C117BA1668A87800AB322C /* icon-voice-highlight@2x.png */ = {isa = PBXFileReference; lastKnownFileType = image.png; path = "icon-voice-highlight@2x.png"; sourceTree = "<group>"; };
		69C117BB1668A87800AB322C /* icon-voice.png */ = {isa = PBXFileReference; lastKnownFileType = image.png; path = "icon-voice.png"; sourceTree = "<group>"; };
		69C117BC1668A87800AB322C /* icon-voice@2x.png */ = {isa = PBXFileReference; lastKnownFileType = image.png; path = "icon-voice@2x.png"; sourceTree = "<group>"; };
		69C117BE1668A8D100AB322C /* binder.png */ = {isa = PBXFileReference; lastKnownFileType = image.png; path = binder.png; sourceTree = "<group>"; };
		69C117BF1668A8D100AB322C /* ipad-next.png */ = {isa = PBXFileReference; lastKnownFileType = image.png; path = "ipad-next.png"; sourceTree = "<group>"; };
		69C117C01668A8D100AB322C /* ipad-next@2x.png */ = {isa = PBXFileReference; lastKnownFileType = image.png; path = "ipad-next@2x.png"; sourceTree = "<group>"; };
		69C117C11668A8D100AB322C /* main_stack.png */ = {isa = PBXFileReference; lastKnownFileType = image.png; path = main_stack.png; sourceTree = "<group>"; };
		69C117C21668A8D100AB322C /* myLine.png */ = {isa = PBXFileReference; lastKnownFileType = image.png; path = myLine.png; sourceTree = "<group>"; };
		69C117C31668A8D100AB322C /* myTape1.png */ = {isa = PBXFileReference; lastKnownFileType = image.png; path = myTape1.png; sourceTree = "<group>"; };
		69C117C41668A8D100AB322C /* separator.png */ = {isa = PBXFileReference; lastKnownFileType = image.png; path = separator.png; sourceTree = "<group>"; };
		69C117C51668A8D100AB322C /* stack.png */ = {isa = PBXFileReference; lastKnownFileType = image.png; path = stack.png; sourceTree = "<group>"; };
		69C117C61668A8D100AB322C /* timeline.jpg */ = {isa = PBXFileReference; lastKnownFileType = image.jpeg; path = timeline.jpg; sourceTree = "<group>"; };
		69D9B4BC168D695900F912FF /* soundboard.png */ = {isa = PBXFileReference; lastKnownFileType = image.png; path = soundboard.png; sourceTree = "<group>"; };
		69D9B4BF168D6AFA00F912FF /* icon-play-highlight.png */ = {isa = PBXFileReference; lastKnownFileType = image.png; path = "icon-play-highlight.png"; sourceTree = "<group>"; };
		69D9B4C0168D6AFA00F912FF /* icon-play.png */ = {isa = PBXFileReference; lastKnownFileType = image.png; path = "icon-play.png"; sourceTree = "<group>"; };
		69D9B4C1168D6AFA00F912FF /* icon-preview-highlight.png */ = {isa = PBXFileReference; lastKnownFileType = image.png; path = "icon-preview-highlight.png"; sourceTree = "<group>"; };
		69D9B4C2168D6AFA00F912FF /* icon-preview.png */ = {isa = PBXFileReference; lastKnownFileType = image.png; path = "icon-preview.png"; sourceTree = "<group>"; };
		69D9B4C3168D6AFA00F912FF /* icon-reload-highlight.png */ = {isa = PBXFileReference; lastKnownFileType = image.png; path = "icon-reload-highlight.png"; sourceTree = "<group>"; };
		69D9B4C4168D6AFA00F912FF /* icon-reload.png */ = {isa = PBXFileReference; lastKnownFileType = image.png; path = "icon-reload.png"; sourceTree = "<group>"; };
		69D9B4C5168D6AFA00F912FF /* icon-stop-highlight.png */ = {isa = PBXFileReference; lastKnownFileType = image.png; path = "icon-stop-highlight.png"; sourceTree = "<group>"; };
		69D9B4C6168D6AFA00F912FF /* icon-stop.png */ = {isa = PBXFileReference; lastKnownFileType = image.png; path = "icon-stop.png"; sourceTree = "<group>"; };
		69D9B4C7168D6DCF00F912FF /* icon-play-highlight.png */ = {isa = PBXFileReference; lastKnownFileType = image.png; path = "icon-play-highlight.png"; sourceTree = "<group>"; };
		69D9B4C8168D6DCF00F912FF /* icon-preview-highlight.png */ = {isa = PBXFileReference; lastKnownFileType = image.png; path = "icon-preview-highlight.png"; sourceTree = "<group>"; };
		69D9B4C9168D6DCF00F912FF /* icon-preview.png */ = {isa = PBXFileReference; lastKnownFileType = image.png; path = "icon-preview.png"; sourceTree = "<group>"; };
		69D9B4CA168D6DCF00F912FF /* icon-reload-highlight.png */ = {isa = PBXFileReference; lastKnownFileType = image.png; path = "icon-reload-highlight.png"; sourceTree = "<group>"; };
		69D9B4CB168D6DCF00F912FF /* icon-reload-photo-highlight.png */ = {isa = PBXFileReference; lastKnownFileType = image.png; path = "icon-reload-photo-highlight.png"; sourceTree = "<group>"; };
		69D9B4CC168D6DCF00F912FF /* icon-reload-photo.png */ = {isa = PBXFileReference; lastKnownFileType = image.png; path = "icon-reload-photo.png"; sourceTree = "<group>"; };
		69D9B4CD168D6DCF00F912FF /* icon-reload.png */ = {isa = PBXFileReference; lastKnownFileType = image.png; path = "icon-reload.png"; sourceTree = "<group>"; };
		69D9B4CE168D6DCF00F912FF /* icon-stop-highlight.png */ = {isa = PBXFileReference; lastKnownFileType = image.png; path = "icon-stop-highlight.png"; sourceTree = "<group>"; };
		69D9B4CF168D6DCF00F912FF /* icon-stop.png */ = {isa = PBXFileReference; lastKnownFileType = image.png; path = "icon-stop.png"; sourceTree = "<group>"; };
/* End PBXFileReference section */

/* Begin PBXGroup section */
		6962F0B0163930B700758C52 = {
			isa = PBXGroup;
			children = (
				6962F12C164BAF0E00758C52 /* SPUserResizableView */,
				6962F0D21643C2D400758C52 /* JSBadgeView */,
				6962F0CB1643C25600758C52 /* curledView */,
				6962F0C6163D262700758C52 /* GlossyButton */,
				6962F0B91639314E00758C52 /* Graphics */,
			);
			sourceTree = "<group>";
		};
		6962F0B91639314E00758C52 /* Graphics */ = {
			isa = PBXGroup;
			children = (
				69C117A81668A87800AB322C /* Icons */,
				6962F134165B82CB00758C52 /* Icon-72.png */,
				6962F135165B82CB00758C52 /* Icon-72@2x.png */,
				6962F12F164BAFF900758C52 /* Extra Stuffs */,
				6962F124164666C500758C52 /* Main View */,
				6962F0D5164666B800758C52 /* FilteredThumbnails */,
				6962F0BA1639314E00758C52 /* lifeWords.png */,
				6962F0BB1639314E00758C52 /* Login */,
				6962F0C11639314E00758C52 /* Sign Up */,
			);
			path = Graphics;
			sourceTree = "<group>";
		};
		6962F0BB1639314E00758C52 /* Login */ = {
			isa = PBXGroup;
			children = (
				6962F0BC1639314E00758C52 /* container_login.png */,
				6962F0BD1639314E00758C52 /* container_login.psd */,
				6962F0BE1639314E00758C52 /* LoginWallpaper */,
			);
			path = Login;
			sourceTree = "<group>";
		};
		6962F0BE1639314E00758C52 /* LoginWallpaper */ = {
			isa = PBXGroup;
			children = (
				6962F0BF1639314E00758C52 /* 1.jpg */,
				6962F0C01639314E00758C52 /* 2.jpg */,
			);
			path = LoginWallpaper;
			sourceTree = "<group>";
		};
		6962F0C11639314E00758C52 /* Sign Up */ = {
			isa = PBXGroup;
			children = (
				6962F0C21639314E00758C52 /* container.png */,
				6962F0C31639314E00758C52 /* container.psd */,
				6962F0C41639314E00758C52 /* separator.png */,
				6962F0C51639314E00758C52 /* separator.psd */,
			);
			path = "Sign Up";
			sourceTree = "<group>";
		};
		6962F0C6163D262700758C52 /* GlossyButton */ = {
			isa = PBXGroup;
			children = (
				6962F0C9163E7AD500758C52 /* UIView+LayerEffects.h */,
				6962F0CA163E7AD500758C52 /* UIView+LayerEffects.m */,
				6962F0C7163D262700758C52 /* UIGlossyButton.h */,
				6962F0C8163D262700758C52 /* UIGlossyButton.m */,
			);
			path = GlossyButton;
			sourceTree = "<group>";
		};
		6962F0CB1643C25600758C52 /* curledView */ = {
			isa = PBXGroup;
			children = (
				6962F0CC1643C25600758C52 /* CurledViewBase.h */,
				6962F0CD1643C25600758C52 /* CurledViewBase.m */,
				6962F0CE1643C25600758C52 /* UIButton+Curled.h */,
				6962F0CF1643C25600758C52 /* UIButton+Curled.m */,
				6962F0D01643C25600758C52 /* UIImageView+Curled.h */,
				6962F0D11643C25600758C52 /* UIImageView+Curled.m */,
			);
			path = curledView;
			sourceTree = "<group>";
		};
		6962F0D21643C2D400758C52 /* JSBadgeView */ = {
			isa = PBXGroup;
			children = (
				6962F0D31643C2D400758C52 /* JSBadgeView.h */,
				6962F0D41643C2D400758C52 /* JSBadgeView.m */,
			);
			path = JSBadgeView;
			sourceTree = "<group>";
		};
		6962F0D5164666B800758C52 /* FilteredThumbnails */ = {
			isa = PBXGroup;
			children = (
				6962F0D6164666B800758C52 /* Aged.jpg */,
				6962F0D7164666B800758C52 /* Aged@2x.jpg */,
				6962F0D8164666B800758C52 /* Alaska.jpg */,
				6962F0D9164666B800758C52 /* Alaska@2x.jpg */,
				6962F0DA164666B800758C52 /* Altamonte.jpg */,
				6962F0DB164666B800758C52 /* Altamonte@2x.jpg */,
				6962F0DC164666B800758C52 /* AtlanticBeach.jpg */,
				6962F0DD164666B800758C52 /* AtlanticBeach@2x.jpg */,
				6962F0DE164666B800758C52 /* Auto-Enhance.jpg */,
				6962F0DF164666B800758C52 /* Auto-Enhance@2x.jpg */,
				6962F0E0164666B800758C52 /* Avatar.jpg */,
				6962F0E1164666B800758C52 /* Avatar@2x.jpg */,
				6962F0E2164666B800758C52 /* Bilboa.jpg */,
				6962F0E3164666B800758C52 /* Bilboa@2x.jpg */,
				6962F0E4164666B800758C52 /* BWGrained.jpg */,
				6962F0E5164666B800758C52 /* BWGrained@2x.jpg */,
				6962F0E6164666B800758C52 /* BWLumino.jpg */,
				6962F0E7164666B800758C52 /* BWLumino@2x.jpg */,
				6962F0E8164666B800758C52 /* ComicDark.jpg */,
				6962F0E9164666B800758C52 /* ComicDark@2x.jpg */,
				6962F0EA164666B800758C52 /* ComicSharp.jpg */,
				6962F0EB164666B800758C52 /* ComicSharp@2x.jpg */,
				6962F0EC164666B800758C52 /* DarkGrunge.jpg */,
				6962F0ED164666B800758C52 /* DarkGrunge@2x.jpg */,
				6962F0EE164666B800758C52 /* Dawn.jpg */,
				6962F0EF164666B800758C52 /* Dawn@2x.jpg */,
				6962F0F0164666B800758C52 /* Daytona.jpg */,
				6962F0F1164666B800758C52 /* Daytona@2x.jpg */,
				6962F0F2164666B800758C52 /* Derby.jpg */,
				6962F0F3164666B800758C52 /* Derby@2x.jpg */,
				6962F0F4164666B800758C52 /* Dusk.jpg */,
				6962F0F5164666B800758C52 /* Dusk@2x.jpg */,
				6962F0F6164666B800758C52 /* GrungeRaysBlue.jpg */,
				6962F0F7164666B800758C52 /* GrungeRaysBlue@2x.jpg */,
				6962F0F8164666B800758C52 /* GrungeRaysGreen.jpg */,
				6962F0F9164666B800758C52 /* GrungeRaysGreen@2x.jpg */,
				6962F0FA164666B800758C52 /* GrungeRaysRed.jpg */,
				6962F0FB164666B800758C52 /* GrungeRaysRed@2x.jpg */,
				6962F0FC164666B800758C52 /* GrungeRaysSapia.jpg */,
				6962F0FD164666B800758C52 /* GrungeRaysSapia@2x.jpg */,
				6962F0FE164666B800758C52 /* HalftoneComic.jpg */,
				6962F0FF164666B800758C52 /* HalftoneComic@2x.jpg */,
				6962F100164666B800758C52 /* HalftoneDark.jpg */,
				6962F101164666B800758C52 /* HalftoneDark@2x.jpg */,
				6962F102164666B800758C52 /* HalftoneSharp.jpg */,
				6962F103164666B800758C52 /* HalftoneSharp@2x.jpg */,
				6962F104164666B800758C52 /* Lantana.jpg */,
				6962F105164666B800758C52 /* Lantana@2x.jpg */,
				6962F106164666B800758C52 /* Lindale.jpg */,
				6962F107164666B800758C52 /* Lindale@2x.jpg */,
				6962F108164666B800758C52 /* Marine.jpg */,
				6962F109164666B800758C52 /* Marine@2x.jpg */,
				6962F10A164666B800758C52 /* Mars.jpg */,
				6962F10B164666B800758C52 /* Mars@2x.jpg */,
				6962F10C164666B800758C52 /* Napa.jpg */,
				6962F10D164666B800758C52 /* Napa@2x.jpg */,
				6962F10E164666B800758C52 /* OldDirty.jpg */,
				6962F10F164666B800758C52 /* OldDirty@2x.jpg */,
				6962F110164666B800758C52 /* PaperToss.jpg */,
				6962F111164666B800758C52 /* PaperToss@2x.jpg */,
				6962F112164666B800758C52 /* RedNoir.jpg */,
				6962F113164666B800758C52 /* RedNoir@2x.jpg */,
				6962F114164666B800758C52 /* SapphireNoir.jpg */,
				6962F115164666B800758C52 /* SapphireNoir@2x.jpg */,
				6962F116164666B800758C52 /* Scorro.jpg */,
				6962F117164666B800758C52 /* Senibel.jpg */,
				6962F118164666B800758C52 /* Senibel@2x.jpg */,
				6962F119164666B800758C52 /* SepiaNoir.jpg */,
				6962F11A164666B800758C52 /* SepiaNoir@2x.jpg */,
				6962F11B164666B800758C52 /* Socorro@2x.jpg */,
				6962F11C164666B800758C52 /* Sonoma.jpg */,
				6962F11D164666B800758C52 /* Sonoma@2x.jpg */,
				6962F11E164666B800758C52 /* Vivid.jpg */,
				6962F11F164666B800758C52 /* Vivid@2x.jpg */,
				6962F120164666B800758C52 /* Winter.jpg */,
				6962F121164666B800758C52 /* Winter@2x.jpg */,
				6962F122164666B800758C52 /* YellowNoir.jpg */,
				6962F123164666B800758C52 /* YellowNoir@2x.jpg */,
			);
			path = FilteredThumbnails;
			sourceTree = "<group>";
		};
		6962F124164666C500758C52 /* Main View */ = {
			isa = PBXGroup;
			children = (
				6962F125164666C500758C52 /* cards.png */,
				6962F126164666C500758C52 /* cards@2x.png */,
				6962F127164666C500758C52 /* friends.png */,
				6962F128164666C500758C52 /* friends@2x.png */,
			);
			path = "Main View";
			sourceTree = "<group>";
		};
		6962F12C164BAF0E00758C52 /* SPUserResizableView */ = {
			isa = PBXGroup;
			children = (
				6962F12D164BAF0E00758C52 /* SPUserResizableView.h */,
				6962F12E164BAF0E00758C52 /* SPUserResizableView.m */,
			);
			path = SPUserResizableView;
			sourceTree = "<group>";
		};
		6962F12F164BAFF900758C52 /* Extra Stuffs */ = {
			isa = PBXGroup;
			children = (
				69D9B4BC168D695900F912FF /* soundboard.png */,
				69C117BE1668A8D100AB322C /* binder.png */,
				69C117BF1668A8D100AB322C /* ipad-next.png */,
				69C117C01668A8D100AB322C /* ipad-next@2x.png */,
				69C117C11668A8D100AB322C /* main_stack.png */,
				69C117C21668A8D100AB322C /* myLine.png */,
				69C117C31668A8D100AB322C /* myTape1.png */,
				69C117C41668A8D100AB322C /* separator.png */,
				69C117C51668A8D100AB322C /* stack.png */,
				69C117C61668A8D100AB322C /* timeline.jpg */,
				6962F130164BAFF900758C52 /* 37x-Checkmark.png */,
				6962F131164BAFF900758C52 /* 37x-Checkmark@2x.png */,
				6962F132164BAFF900758C52 /* line.png */,
				6962F133164BAFF900758C52 /* no_avatar.jpeg */,
			);
			path = "Extra Stuffs";
			sourceTree = "<group>";
		};
		69C117A81668A87800AB322C /* Icons */ = {
			isa = PBXGroup;
			children = (
				69D9B4BE168D6AFA00F912FF /* Buttons */,
				69D9B4C7168D6DCF00F912FF /* icon-play-highlight.png */,
				69D9B4C8168D6DCF00F912FF /* icon-preview-highlight.png */,
				69D9B4C9168D6DCF00F912FF /* icon-preview.png */,
				69D9B4CA168D6DCF00F912FF /* icon-reload-highlight.png */,
				69D9B4CB168D6DCF00F912FF /* icon-reload-photo-highlight.png */,
				69D9B4CC168D6DCF00F912FF /* icon-reload-photo.png */,
				69D9B4CD168D6DCF00F912FF /* icon-reload.png */,
				69D9B4CE168D6DCF00F912FF /* icon-stop-highlight.png */,
				69D9B4CF168D6DCF00F912FF /* icon-stop.png */,
				69C117A91668A87800AB322C /* icon-effect-highlight.png */,
				69C117AA1668A87800AB322C /* icon-effect-highlight@2x.png */,
				69C117AB1668A87800AB322C /* icon-effect.png */,
				69C117AC1668A87800AB322C /* icon-effect@2x.png */,
				69C117AD1668A87800AB322C /* icon-friends-highlight.png */,
				69C117AE1668A87800AB322C /* icon-friends-highlight@2x.png */,
				69C117AF1668A87800AB322C /* icon-friends.png */,
				69C117B01668A87800AB322C /* icon-friends@2x.png */,
				69C117B11668A87800AB322C /* icon-music-highlight.png */,
				69C117B21668A87800AB322C /* icon-music-highlight@2x.png */,
				69C117B31668A87800AB322C /* icon-music.png */,
				69C117B41668A87800AB322C /* icon-music@2x.png */,
				69C117B51668A87800AB322C /* icon-play.png */,
				69C117B61668A87800AB322C /* icon-play@2x.png */,
				69C117B71668A87800AB322C /* icon-refresh.png */,
				69C117B81668A87800AB322C /* icon-refresh@2x.png */,
				69C117B91668A87800AB322C /* icon-voice-highlight.png */,
				69C117BA1668A87800AB322C /* icon-voice-highlight@2x.png */,
				69C117BB1668A87800AB322C /* icon-voice.png */,
				69C117BC1668A87800AB322C /* icon-voice@2x.png */,
			);
			path = Icons;
			sourceTree = "<group>";
		};
		69D9B4BE168D6AFA00F912FF /* Buttons */ = {
			isa = PBXGroup;
			children = (
				69D9B4BF168D6AFA00F912FF /* icon-play-highlight.png */,
				69D9B4C0168D6AFA00F912FF /* icon-play.png */,
				69D9B4C1168D6AFA00F912FF /* icon-preview-highlight.png */,
				69D9B4C2168D6AFA00F912FF /* icon-preview.png */,
				69D9B4C3168D6AFA00F912FF /* icon-reload-highlight.png */,
				69D9B4C4168D6AFA00F912FF /* icon-reload.png */,
				69D9B4C5168D6AFA00F912FF /* icon-stop-highlight.png */,
				69D9B4C6168D6AFA00F912FF /* icon-stop.png */,
			);
			path = Buttons;
			sourceTree = "<group>";
		};
/* End PBXGroup section */

/* Begin PBXProject section */
		6962F0B2163930B700758C52 /* Project object */ = {
			isa = PBXProject;
			attributes = {
				LastUpgradeCheck = 0450;
			};
			buildConfigurationList = 6962F0B5163930B700758C52 /* Build configuration list for PBXProject "lifeWords" */;
			compatibilityVersion = "Xcode 3.2";
			developmentRegion = English;
			hasScannedForEncodings = 0;
			knownRegions = (
				en,
			);
			mainGroup = 6962F0B0163930B700758C52;
			projectDirPath = "";
			projectRoot = "";
			targets = (
			);
		};
/* End PBXProject section */

/* Begin XCBuildConfiguration section */
		6962F0B7163930B800758C52 /* Debug */ = {
			isa = XCBuildConfiguration;
			buildSettings = {
			};
			name = Debug;
		};
		6962F0B8163930B800758C52 /* Release */ = {
			isa = XCBuildConfiguration;
			buildSettings = {
			};
			name = Release;
		};
/* End XCBuildConfiguration section */

/* Begin XCConfigurationList section */
		6962F0B5163930B700758C52 /* Build configuration list for PBXProject "lifeWords" */ = {
			isa = XCConfigurationList;
			buildConfigurations = (
				6962F0B7163930B800758C52 /* Debug */,
				6962F0B8163930B800758C52 /* Release */,
			);
			defaultConfigurationIsVisible = 0;
			defaultConfigurationName = Release;
		};
/* End XCConfigurationList section */
	};
	rootObject = 6962F0B2163930B700758C52 /* Project object */;
}
