// !$*UTF8*$!
{
	archiveVersion = 1;
	classes = {
	};
	objectVersion = 46;
	objects = {

/* Begin PBXFileReference section */
		6962F0BA1639314E00758C52 /* lifeWords.png */ = {isa = PBXFileReference; lastKnownFileType = image.png; path = lifeWords.png; sourceTree = "<group>"; };
		6962F0BC1639314E00758C52 /* container_login.png */ = {isa = PBXFileReference; lastKnownFileType = image.png; path = container_login.png; sourceTree = "<group>"; };
		6962F0BD1639314E00758C52 /* container_login.psd */ = {isa = PBXFileReference; lastKnownFileType = file; path = container_login.psd; sourceTree = "<group>"; };
		6962F0BF1639314E00758C52 /* 1.jpg */ = {isa = PBXFileReference; lastKnownFileType = image.jpeg; path = 1.jpg; sourceTree = "<group>"; };
		6962F0C01639314E00758C52 /* 2.jpg */ = {isa = PBXFileReference; lastKnownFileType = image.jpeg; path = 2.jpg; sourceTree = "<group>"; };
		6962F0C21639314E00758C52 /* container.png */ = {isa = PBXFileReference; lastKnownFileType = image.png; path = container.png; sourceTree = "<group>"; };
		6962F0C31639314E00758C52 /* container.psd */ = {isa = PBXFileReference; lastKnownFileType = file; path = container.psd; sourceTree = "<group>"; };
		6962F0C41639314E00758C52 /* separator.png */ = {isa = PBXFileReference; lastKnownFileType = image.png; path = separator.png; sourceTree = "<group>"; };
		6962F0C51639314E00758C52 /* separator.psd */ = {isa = PBXFileReference; lastKnownFileType = file; path = separator.psd; sourceTree = "<group>"; };
		6962F0C7163D262700758C52 /* UIGlossyButton.h */ = {isa = PBXFileReference; lastKnownFileType = sourcecode.c.h; path = UIGlossyButton.h; sourceTree = "<group>"; };
		6962F0C8163D262700758C52 /* UIGlossyButton.m */ = {isa = PBXFileReference; lastKnownFileType = sourcecode.c.objc; path = UIGlossyButton.m; sourceTree = "<group>"; };
		6962F0C9163E7AD500758C52 /* UIView+LayerEffects.h */ = {isa = PBXFileReference; lastKnownFileType = sourcecode.c.h; path = "UIView+LayerEffects.h"; sourceTree = "<group>"; };
		6962F0CA163E7AD500758C52 /* UIView+LayerEffects.m */ = {isa = PBXFileReference; lastKnownFileType = sourcecode.c.objc; path = "UIView+LayerEffects.m"; sourceTree = "<group>"; };
		6962F0CC1643C25600758C52 /* CurledViewBase.h */ = {isa = PBXFileReference; lastKnownFileType = sourcecode.c.h; path = CurledViewBase.h; sourceTree = "<group>"; };
		6962F0CD1643C25600758C52 /* CurledViewBase.m */ = {isa = PBXFileReference; lastKnownFileType = sourcecode.c.objc; path = CurledViewBase.m; sourceTree = "<group>"; };
		6962F0CE1643C25600758C52 /* UIButton+Curled.h */ = {isa = PBXFileReference; lastKnownFileType = sourcecode.c.h; path = "UIButton+Curled.h"; sourceTree = "<group>"; };
		6962F0CF1643C25600758C52 /* UIButton+Curled.m */ = {isa = PBXFileReference; lastKnownFileType = sourcecode.c.objc; path = "UIButton+Curled.m"; sourceTree = "<group>"; };
		6962F0D01643C25600758C52 /* UIImageView+Curled.h */ = {isa = PBXFileReference; lastKnownFileType = sourcecode.c.h; path = "UIImageView+Curled.h"; sourceTree = "<group>"; };
		6962F0D11643C25600758C52 /* UIImageView+Curled.m */ = {isa = PBXFileReference; lastKnownFileType = sourcecode.c.objc; path = "UIImageView+Curled.m"; sourceTree = "<group>"; };
/* End PBXFileReference section */

/* Begin PBXGroup section */
		6962F0B0163930B700758C52 = {
			isa = PBXGroup;
			children = (
				6962F0CB1643C25600758C52 /* curledView */,
				6962F0C6163D262700758C52 /* GlossyButton */,
				6962F0B91639314E00758C52 /* Graphics */,
			);
			sourceTree = "<group>";
		};
		6962F0B91639314E00758C52 /* Graphics */ = {
			isa = PBXGroup;
			children = (
				6962F0BA1639314E00758C52 /* lifeWords.png */,
				6962F0BB1639314E00758C52 /* Login */,
				6962F0C11639314E00758C52 /* Sign Up */,
			);
			path = Graphics;
			sourceTree = "<group>";
		};
		6962F0BB1639314E00758C52 /* Login */ = {
			isa = PBXGroup;
			children = (
				6962F0BC1639314E00758C52 /* container_login.png */,
				6962F0BD1639314E00758C52 /* container_login.psd */,
				6962F0BE1639314E00758C52 /* LoginWallpaper */,
			);
			path = Login;
			sourceTree = "<group>";
		};
		6962F0BE1639314E00758C52 /* LoginWallpaper */ = {
			isa = PBXGroup;
			children = (
				6962F0BF1639314E00758C52 /* 1.jpg */,
				6962F0C01639314E00758C52 /* 2.jpg */,
			);
			path = LoginWallpaper;
			sourceTree = "<group>";
		};
		6962F0C11639314E00758C52 /* Sign Up */ = {
			isa = PBXGroup;
			children = (
				6962F0C21639314E00758C52 /* container.png */,
				6962F0C31639314E00758C52 /* container.psd */,
				6962F0C41639314E00758C52 /* separator.png */,
				6962F0C51639314E00758C52 /* separator.psd */,
			);
			path = "Sign Up";
			sourceTree = "<group>";
		};
		6962F0C6163D262700758C52 /* GlossyButton */ = {
			isa = PBXGroup;
			children = (
				6962F0C9163E7AD500758C52 /* UIView+LayerEffects.h */,
				6962F0CA163E7AD500758C52 /* UIView+LayerEffects.m */,
				6962F0C7163D262700758C52 /* UIGlossyButton.h */,
				6962F0C8163D262700758C52 /* UIGlossyButton.m */,
			);
			path = GlossyButton;
			sourceTree = "<group>";
		};
		6962F0CB1643C25600758C52 /* curledView */ = {
			isa = PBXGroup;
			children = (
				6962F0CC1643C25600758C52 /* CurledViewBase.h */,
				6962F0CD1643C25600758C52 /* CurledViewBase.m */,
				6962F0CE1643C25600758C52 /* UIButton+Curled.h */,
				6962F0CF1643C25600758C52 /* UIButton+Curled.m */,
				6962F0D01643C25600758C52 /* UIImageView+Curled.h */,
				6962F0D11643C25600758C52 /* UIImageView+Curled.m */,
			);
			path = curledView;
			sourceTree = "<group>";
		};
/* End PBXGroup section */

/* Begin PBXProject section */
		6962F0B2163930B700758C52 /* Project object */ = {
			isa = PBXProject;
			attributes = {
				LastUpgradeCheck = 0450;
			};
			buildConfigurationList = 6962F0B5163930B700758C52 /* Build configuration list for PBXProject "lifeWords" */;
			compatibilityVersion = "Xcode 3.2";
			developmentRegion = English;
			hasScannedForEncodings = 0;
			knownRegions = (
				en,
			);
			mainGroup = 6962F0B0163930B700758C52;
			projectDirPath = "";
			projectRoot = "";
			targets = (
			);
		};
/* End PBXProject section */

/* Begin XCBuildConfiguration section */
		6962F0B7163930B800758C52 /* Debug */ = {
			isa = XCBuildConfiguration;
			buildSettings = {
			};
			name = Debug;
		};
		6962F0B8163930B800758C52 /* Release */ = {
			isa = XCBuildConfiguration;
			buildSettings = {
			};
			name = Release;
		};
/* End XCBuildConfiguration section */

/* Begin XCConfigurationList section */
		6962F0B5163930B700758C52 /* Build configuration list for PBXProject "lifeWords" */ = {
			isa = XCConfigurationList;
			buildConfigurations = (
				6962F0B7163930B800758C52 /* Debug */,
				6962F0B8163930B800758C52 /* Release */,
			);
			defaultConfigurationIsVisible = 0;
			defaultConfigurationName = Release;
		};
/* End XCConfigurationList section */
	};
	rootObject = 6962F0B2163930B700758C52 /* Project object */;
}
